
Microsoft Visual Studio Solution File, Format Version 12.00
# Visual Studio Version 17
VisualStudioVersion = 17.5.002.0
MinimumVisualStudioVersion = 10.0.40219.1
Project("{9A19103F-16F7-4668-BE54-9A1E7A4F7556}") = "Playground", "Playground.csproj", "{DAB0C543-8EC9-4BF8-80EC-42888F07C972}"
EndProject
Global
	GlobalSection(SolutionConfigurationPlatforms) = preSolution
		Debug|Any CPU = Debug|Any CPU
		Release|Any CPU = Release|Any CPU
	EndGlobalSection
	GlobalSection(ProjectConfigurationPlatforms) = postSolution
		{DAB0C543-8EC9-4BF8-80EC-42888F07C972}.Debug|Any CPU.ActiveCfg = Debug|Any CPU
		{DAB0C543-8EC9-4BF8-80EC-42888F07C972}.Debug|Any CPU.Build.0 = Debug|Any CPU
		{DAB0C543-8EC9-4BF8-80EC-42888F07C972}.Release|Any CPU.ActiveCfg = Release|Any CPU
		{DAB0C543-8EC9-4BF8-80EC-42888F07C972}.Release|Any CPU.Build.0 = Release|Any CPU
	EndGlobalSection
	GlobalSection(SolutionProperties) = preSolution
		HideSolutionNode = FALSE
	EndGlobalSection
	GlobalSection(ExtensibilityGlobals) = postSolution
		SolutionGuid = {03E805F4-3387-4156-8197-5EFC36777995}
	EndGlobalSection
EndGlobal
